
Microsoft Visual Studio Solution File, Format Version 12.00
# Visual Studio Version 16
VisualStudioVersion = 25.0.1703.0
MinimumVisualStudioVersion = 10.0.40219.1
Project("{FAE04EC0-301F-11D3-BF4B-00C04F79EFBC}") = "ConsoleUI", "InterfacesCSharp\ConsoleUI.csproj", "{07A13792-1906-4207-91E7-F70D5935A520}"
EndProject
Project("{FAE04EC0-301F-11D3-BF4B-00C04F79EFBC}") = "DemoLibrary", "DemoLibrary\DemoLibrary.csproj", "{5950A668-0AFE-4F27-84A0-2EDF61A22799}"
EndProject
Global
	GlobalSection(SolutionConfigurationPlatforms) = preSolution
		Debug|Any CPU = Debug|Any CPU
		Release|Any CPU = Release|Any CPU
	EndGlobalSection
	GlobalSection(ProjectConfigurationPlatforms) = postSolution
		{07A13792-1906-4207-91E7-F70D5935A520}.Debug|Any CPU.ActiveCfg = Debug|Any CPU
		{07A13792-1906-4207-91E7-F70D5935A520}.Debug|Any CPU.Build.0 = Debug|Any CPU
		{07A13792-1906-4207-91E7-F70D5935A520}.Release|Any CPU.ActiveCfg = Release|Any CPU
		{07A13792-1906-4207-91E7-F70D5935A520}.Release|Any CPU.Build.0 = Release|Any CPU
		{5950A668-0AFE-4F27-84A0-2EDF61A22799}.Debug|Any CPU.ActiveCfg = Debug|Any CPU
		{5950A668-0AFE-4F27-84A0-2EDF61A22799}.Debug|Any CPU.Build.0 = Debug|Any CPU
		{5950A668-0AFE-4F27-84A0-2EDF61A22799}.Release|Any CPU.ActiveCfg = Release|Any CPU
		{5950A668-0AFE-4F27-84A0-2EDF61A22799}.Release|Any CPU.Build.0 = Release|Any CPU
	EndGlobalSection
	GlobalSection(SolutionProperties) = preSolution
		HideSolutionNode = FALSE
	EndGlobalSection
	GlobalSection(ExtensibilityGlobals) = postSolution
		SolutionGuid = {C410E006-A481-43F8-A391-CF00F4310F81}
	EndGlobalSection
EndGlobal
